version = 1
revision = 3
requires-python = ">=3.12"

[[package]]
name = "colorama"
version = "0.4.6"
source = { registry = "https://pypi.org/simple" }
sdist = { url = "https://files.pythonhosted.org/packages/d8/53/6f443c9a4a8358a93a6792e2acffb9d9d5cb0a5cfd8802644b7b1c9a02e4/colorama-0.4.6.tar.gz", hash = "sha256:08695f5cb7ed6e0531a20572697297273c47b8cae5a63ffc6d6ed5c201be6e44", size = 27697, upload-time = "2022-10-25T02:36:22.414Z" }
wheels = [
    { url = "https://files.pythonhosted.org/packages/d1/d6/3965ed04c63042e047cb6a3e6ed1a63a35087b6a609aa3a15ed8ac56c221/colorama-0.4.6-py2.py3-none-any.whl", hash = "sha256:4f1d9991f5acc0ca119f9d443620b77f9d6b33703e51011c16baf57afb285fc6", size = 25335, upload-time = "2022-10-25T02:36:20.889Z" },
]

[[package]]
name = "hypothesis"
version = "6.156.1"
source = { registry = "https://pypi.org/simple" }
dependencies = [
    { name = "sortedcontainers" },
]
wheels = [
    { url = "https://files.pythonhosted.org/packages/d0/3d/1a0e54652f1b3cad354949ba83f6ab211048ff3a6cfb24edcddc748a8be1/hypothesis-6.156.1-cp312-cp312-macosx_10_12_x86_64.whl", hash = "sha256:0409dea0c0b48705cad8413468282af9c5e7d3a017b6c2b94ef80e7ba4b64862", size = 749005, upload-time = "2026-07-03T14:30:26.045Z" },
    { url = "https://files.pythonhosted.org/packages/a0/e5/c8b6084023faabef7612ea0169fd4df565fdc5fd73f47484e5edf03640fb/hypothesis-6.156.1-cp312-cp312-macosx_11_0_arm64.whl", hash = "sha256:72b9305414c20802540ec0cd798478c9e06c8a248ce32d7df04722b64d7150ad", size = 741899, upload-time = "2026-07-03T14:30:34.442Z" },
    { url = "https://files.pythonhosted.org/packages/48/ac/51644c53ae055a3a3411906cc8e41e5dd53af487ca76465342256e4f18c1/hypothesis-6.156.1-cp312-cp312-manylinux_2_17_aarch64.manylinux2014_aarch64.whl", hash = "sha256:40584eed6a57c402d8ab32ea5c1779bae6f7390ff33d073c876e09dc8af31941", size = 1069788, upload-time = "2026-07-03T14:31:24.552Z" },
    { url = "https://files.pythonhosted.org/packages/cc/43/d2ec198fa56f72f8690563247e5e71a81cf5f1c9c42e977008b76338803f/hypothesis-6.156.1-cp312-cp312-manylinux_2_17_x86_64.manylinux2014_x86_64.whl", hash = "sha256:76f2aaa6725185f16a8fa7b58e0ba5d5119cafa33eae5e5dec996d6a28cd9dc6", size = 1119541, upload-time = "2026-07-03T14:30:15.15Z" },
    { url = "https://files.pythonhosted.org/packages/d1/a0/ba8a1bf72988e7b8b743b4f4f30705fe1c2128780a7d93b203cdeb6bae79/hypothesis-6.156.1-cp312-cp312-musllinux_1_2_aarch64.whl", hash = "sha256:bac95ae29f7850a923f43bc7e21bbc7ee8b8094bbf07691be4f153e537b5d3db", size = 1243864, upload-time = "2026-07-03T14:30:47.869Z" },
    { url = "https://files.pythonhosted.org/packages/74/a3/f30ebb96f099f19e71361aefb233542f3763a0fb7c0ba3c84513c353b065/hypothesis-6.156.1-cp312-cp312-musllinux_1_2_x86_64.whl", hash = "sha256:8159b5e93a7724920cf55dd4ec743a84fc9c3c457a6736a92283aa4068f54daa", size = 1286401, upload-time = "2026-07-03T14:30:07.762Z" },
    { url = "https://files.pythonhosted.org/packages/ab/a9/19b36a5deb78217f4f6214c7be36a14cf2da8b29392199bcd18a0628b9b8/hypothesis-6.156.1-cp312-cp312-win_amd64.whl", hash = "sha256:d8e7deed3bc76c8c12c30e092e228a6978180f2bcab9483f5fb22240cd8eaa7d", size = 637634, upload-time = "2026-07-03T14:30:40.794Z" },
    { url = "https://files.pythonhosted.org/packages/d5/f7/6f0e4186a6575abddb19047e69cb0042252be27d0be0ddc3528bf3a81edd/hypothesis-6.156.1-cp313-cp313-macosx_10_12_x86_64.whl", hash = "sha256:da65e6be5461cac9d9d7f98f43d24afb5441932502e4d1b240738aaef84e95d9", size = 749428, upload-time = "2026-07-03T14:31:04.364Z" },
    { url = "https://files.pythonhosted.org/packages/a2/0c/d45d778b14f22270ac1218faf4ec7de2e9e30d3e40fd91ad86d6b6b5259e/hypothesis-6.156.1-cp313-cp313-macosx_11_0_arm64.whl", hash = "sha256:612277e6344defe39012812d5ae620d6323e11fa62c424d64633dfa09caaa387", size = 742070, upload-time = "2026-07-03T14:30:09.175Z" },
    { url = "https://files.pythonhosted.org/packages/e5/8a/9c6863eae555c674e3ab2b7ac738f50350d176f88e7a5ac4fe85340b126f/hypothesis-6.156.1-cp313-cp313-manylinux_2_17_aarch64.manylinux2014_aarch64.whl", hash = "sha256:3a593ad462c61f252d661ccc3a1093406cf9ca5a26a6b30cefd8911075d508c8", size = 1069945, upload-time = "2026-07-03T14:30:27.45Z" },
    { url = "https://files.pythonhosted.org/packages/eb/98/44d9ee83542e5cb50c07387091bd2dcfb2d0f9d7eaadd78357ae0962e76d/hypothesis-6.156.1-cp313-cp313-manylinux_2_17_x86_64.manylinux2014_x86_64.whl", hash = "sha256:4a48cdb91afa09958926a364d241d00b08ece1d105bcd48e0b433428c7b4c29b", size = 1119946, upload-time = "2026-07-03T14:30:58.939Z" },
    { url = "https://files.pythonhosted.org/packages/09/00/03957d11e4602e60982b535bf107a1995e712e797e32ca5cc9fe53daa11c/hypothesis-6.156.1-cp313-cp313-musllinux_1_2_aarch64.whl", hash = "sha256:72d4115ed2c4da2cc30189026eacd27c81e0891ec4ba9fff6719e0f47874d65c", size = 1244030, upload-time = "2026-07-03T14:30:53.641Z" },
    { url = "https://files.pythonhosted.org/packages/14/e3/149c3b9de0f9125becdf266af9eba6934885818867c93a457af60d4a3725/hypothesis-6.156.1-cp313-cp313-musllinux_1_2_x86_64.whl", hash = "sha256:f1e1fecee9c79956ac5e7c38cb1d1374bf22fd4066ff6a9664d45d13a09251b1", size = 1286679, upload-time = "2026-07-03T14:30:57.516Z" },
    { url = "https://files.pythonhosted.org/packages/3f/1c/f1a35abd3e5ef45badc3d8a128bb133725f6a93c9aa4eadc27db9d6c54c3/hypothesis-6.156.1-cp313-cp313-win_amd64.whl", hash = "sha256:32f512f6028ab2d4c56208b2edebefe384ab78a5880b098b039c65e9d08b62f7", size = 637909, upload-time = "2026-07-03T14:30:04.12Z" },
    { url = "https://files.pythonhosted.org/packages/c7/60/f81bc004dafc83f4fd3aee41c65ec6140481a4666495229c0102c636e74b/hypothesis-6.156.1-cp314-cp314-macosx_10_12_x86_64.whl", hash = "sha256:3340f22fd71e615f9bca4499bddd7cc4e0987b08a8b4fc38f688aaac416c2aaf", size = 749464, upload-time = "2026-07-03T14:31:17.171Z" },
    { url = "https://files.pythonhosted.org/packages/74/5d/f884c2e908f5a888b22a6606368130fdf822565430e9eefcde5e765640dd/hypothesis-6.156.1-cp314-cp314-macosx_11_0_arm64.whl", hash = "sha256:19612761d128cd15d41e414389da6b65c1883db1f358025a4c1b2df96ba2dfb0", size = 742283, upload-time = "2026-07-03T14:31:06.23Z" },
    { url = "https://files.pythonhosted.org/packages/b2/2e/8843ca9d7103692c06b912aaa06cc664d3cb3c764a44fb2feeb702b3b704/hypothesis-6.156.1-cp314-cp314-manylinux_2_17_aarch64.manylinux2014_aarch64.whl", hash = "sha256:c86c00cefcf58793aebb24238247398ad5d9ce281615329293d926d794e6fe5f", size = 1070136, upload-time = "2026-07-03T14:30:19.907Z" },
    { url = "https://files.pythonhosted.org/packages/62/62/7a1b308b3977e3d3c1920828c5fc5a440caf8036b0d9df2e9ab7722682f8/hypothesis-6.156.1-cp314-cp314-manylinux_2_17_x86_64.manylinux2014_x86_64.whl", hash = "sha256:047a0a6613ff06f191d9b1c7623a9b781baddc0fdebad531157d1417fa876627", size = 1120112, upload-time = "2026-07-03T14:31:13.563Z" },
    { url = "https://files.pythonhosted.org/packages/cd/13/7c691582cd5b0de6314fd712ce5e69960985a89e4f619b0c4b36c8845ce2/hypothesis-6.156.1-cp314-cp314-musllinux_1_2_aarch64.whl", hash = "sha256:9ace8e1e885b20ae129c68ff14e86edd55771a30559561b261a15bd8c17edd36", size = 1244289, upload-time = "2026-07-03T14:31:19.175Z" },
    { url = "https://files.pythonhosted.org/packages/d0/ac/d15a7a9820ca05ef7a4e8d9dc95e9a0a70cd91fb8d021913888c69801c60/hypothesis-6.156.1-cp314-cp314-musllinux_1_2_x86_64.whl", hash = "sha256:eb093affaa2257f9fd2d6542b5e242f5b9512bc1009a4f563ade91e30c298e0c", size = 1287201, upload-time = "2026-07-03T14:30:13.526Z" },
    { url = "https://files.pythonhosted.org/packages/1b/ca/dcd80b4606d97b5dba2775526aa89a7735086559c5a80eaf5bf60610bc10/hypothesis-6.156.1-cp314-cp314-pyemscripten_2026_0_wasm32.whl", hash = "sha256:209b76dab690e2182599a83c079475115d69dd2c16aed38a57bb9db376ba4195", size = 586417, upload-time = "2026-07-03T14:30:42.657Z" },
    { url = "https://files.pythonhosted.org/packages/bd/b3/555c291b24b9b1f2e6a712d485ad8c52bbe3e31e79a8a509adc5213e42aa/hypothesis-6.156.1-cp314-cp314-win_amd64.whl", hash = "sha256:1ea0711ac7792e3ade5dfe8a6a762eec64ddb79cd00fe63ff34f17fde0ce8109", size = 637729, upload-time = "2026-07-03T14:31:20.948Z" },
    { url = "https://files.pythonhosted.org/packages/1b/a4/25f26e0ed769c127b049b4fb8c9378e74d07a37a44c5938e4f6518710ef6/hypothesis-6.156.1-cp314-cp314t-macosx_10_12_x86_64.whl", hash = "sha256:9b664a859ed5567bd2c0d804da4d96035e14caa15d91062cc50fcd758dc44111", size = 747497, upload-time = "2026-07-03T14:30:21.338Z" },
    { url = "https://files.pythonhosted.org/packages/62/11/25f20b1cdbd8fc73fd8c0603aa4e817da7384400347f6d63ef569c56111e/hypothesis-6.156.1-cp314-cp314t-macosx_11_0_arm64.whl", hash = "sha256:23acc5f333ce6bd2d888e7c6a33779b5c6cff42dac654f3209e9fa552103c3ba", size = 740841, upload-time = "2026-07-03T14:30:37.706Z" },
    { url = "https://files.pythonhosted.org/packages/43/aa/9967dd9380d72d44a7973f7893383145f04277896554ebb2872ae9658de6/hypothesis-6.156.1-cp314-cp314t-manylinux_2_17_aarch64.manylinux2014_aarch64.whl", hash = "sha256:15762876a64c66bd6ed18eb95fd8018df93b6961eb0b6c25e63409af9cb672c0", size = 1069108, upload-time = "2026-07-03T14:30:06.363Z" },
    { url = "https://files.pythonhosted.org/packages/60/6e/27999d70710a1d0d9440c1db59db385c63ed2dccca6ade5fe53258e9566f/hypothesis-6.156.1-cp314-cp314t-manylinux_2_17_x86_64.manylinux2014_x86_64.whl", hash = "sha256:4bab29b39b13603583c9874c38907071f333e7af0c48686af8c8f97f7a6a2398", size = 1119177, upload-time = "2026-07-03T14:31:09.67Z" },
    { url = "https://files.pythonhosted.org/packages/39/45/fbaaae29a5650da6322737eeb085c78a4eb9066f815862c24c63a25dd5eb/hypothesis-6.156.1-cp314-cp314t-musllinux_1_2_aarch64.whl", hash = "sha256:3c8831d5748394cab5ab81b3d469bcc543e7b8e1fc8422ed26a80e16b1e51c1b", size = 1243078, upload-time = "2026-07-03T14:30:10.678Z" },
    { url = "https://files.pythonhosted.org/packages/53/9d/2db20037da6b206701ec22d6bb67d4393e4807281885663979fe7a5ff869/hypothesis-6.156.1-cp314-cp314t-musllinux_1_2_x86_64.whl", hash = "sha256:18ef80bdd7422e7823d8da99240c8804708bd44eeeed370fc8a71db56670e1dc", size = 1285519, upload-time = "2026-07-03T14:30:36.172Z" },
    { url = "https://files.pythonhosted.org/packages/d2/de/4fbc6afc03cb7098f51bea5be6300c7e13fc679c3c2d12cd40629a27278d/hypothesis-6.156.1-cp314-cp314t-win_amd64.whl", hash = "sha256:122963f511d31fb96254a5b3f0b8e3b9c3b9d2b05e10d9e67eca43e573d52d0f", size = 637822, upload-time = "2026-07-03T14:30:31.248Z" },
]

[[package]]
name = "iniconfig"
version = "2.3.0"
source = { registry = "https://pypi.org/simple" }
sdist = { url = "https://files.pythonhosted.org/packages/72/34/14ca021ce8e5dfedc35312d08ba8bf51fdd999c576889fc2c24cb97f4f10/iniconfig-2.3.0.tar.gz", hash = "sha256:c76315c77db068650d49c5b56314774a7804df16fee4402c1f19d6d15d8c4730", size = 20503, upload-time = "2025-10-18T21:55:43.219Z" }
wheels = [
    { url = "https://files.pythonhosted.org/packages/cb/b1/3846dd7f199d53cb17f49cba7e651e9ce294d8497c8c150530ed11865bb8/iniconfig-2.3.0-py3-none-any.whl", hash = "sha256:f631c04d2c48c52b84d0d0549c99ff3859c98df65b3101406327ecc7d53fbf12", size = 7484, upload-time = "2025-10-18T21:55:41.639Z" },
]

[[package]]
name = "moktan"
version = "0.1.0"
source = { editable = "." }
dependencies = [
    { name = "polars" },
]

[package.dev-dependencies]
dev = [
    { name = "hypothesis" },
    { name = "pytest" },
    { name = "ty" },
]

[package.metadata]
requires-dist = [{ name = "polars", specifier = ">=1.42.1" }]

[package.metadata.requires-dev]
dev = [
    { name = "hypothesis", specifier = ">=6.156.1" },
    { name = "pytest", specifier = ">=9.1.1" },
    { name = "ty", specifier = ">=0.0.56" },
]

[[package]]
name = "packaging"
version = "26.2"
source = { registry = "https://pypi.org/simple" }
sdist = { url = "https://files.pythonhosted.org/packages/d7/f1/e7a6dd94a8d4a5626c03e4e99c87f241ba9e350cd9e6d75123f992427270/packaging-26.2.tar.gz", hash = "sha256:ff452ff5a3e828ce110190feff1178bb1f2ea2281fa2075aadb987c2fb221661", size = 228134, upload-time = "2026-04-24T20:15:23.917Z" }
wheels = [
    { url = "https://files.pythonhosted.org/packages/df/b2/87e62e8c3e2f4b32e5fe99e0b86d576da1312593b39f47d8ceef365e95ed/packaging-26.2-py3-none-any.whl", hash = "sha256:5fc45236b9446107ff2415ce77c807cee2862cb6fac22b8a73826d0693b0980e", size = 100195, upload-time = "2026-04-24T20:15:22.081Z" },
]

[[package]]
name = "pluggy"
version = "1.6.0"
source = { registry = "https://pypi.org/simple" }
sdist = { url = "https://files.pythonhosted.org/packages/f9/e2/3e91f31a7d2b083fe6ef3fa267035b518369d9511ffab804f839851d2779/pluggy-1.6.0.tar.gz", hash = "sha256:7dcc130b76258d33b90f61b658791dede3486c3e6bfb003ee5c9bfb396dd22f3", size = 69412, upload-time = "2025-05-15T12:30:07.975Z" }
wheels = [
    { url = "https://files.pythonhosted.org/packages/54/20/4d324d65cc6d9205fabedc306948156824eb9f0ee1633355a8f7ec5c66bf/pluggy-1.6.0-py3-none-any.whl", hash = "sha256:e920276dd6813095e9377c0bc5566d94c932c33b27a3e3945d8389c374dd4746", size = 20538, upload-time = "2025-05-15T12:30:06.134Z" },
]

[[package]]
name = "polars"
version = "1.42.1"
source = { registry = "https://pypi.org/simple" }
dependencies = [
    { name = "polars-runtime-32" },
]
sdist = { url = "https://files.pythonhosted.org/packages/27/99/fe77f10a13a778705ef05b499fc708c9a0b0a3680d9eb6bc6e1b6a6b9914/polars-1.42.1.tar.gz", hash = "sha256:2fe94f3059334650bd850ae19a9c165dcd5d9cb12cd95ea04de2201662e70e8a", size = 741532, upload-time = "2026-06-30T04:57:51.504Z" }
wheels = [
    { url = "https://files.pythonhosted.org/packages/be/6a/edd939cc6fa04b6415aaa9bf19720fc74ead81234b3d38542e0005816d4d/polars-1.42.1-py3-none-any.whl", hash = "sha256:3c0c65cdfa21a621650c4bdcbbccf93964d052fd766c3e70e84a55d961c259fd", size = 837622, upload-time = "2026-06-30T04:56:34.686Z" },
]

[[package]]
name = "polars-runtime-32"
version = "1.42.1"
source = { registry = "https://pypi.org/simple" }
sdist = { url = "https://files.pythonhosted.org/packages/1f/59/15bcc4dac380c6d63efa5446d8317f22671cbd6c9dadd576bd17a334c45a/polars_runtime_32-1.42.1.tar.gz", hash = "sha256:4d4809e1c1b9a6611f6944f27b24abea902b5159e6b6fa262fd716e947af5afd", size = 3045460, upload-time = "2026-06-30T04:57:52.866Z" }
wheels = [
    { url = "https://files.pythonhosted.org/packages/62/29/16ff6e4e91d71e530d3581f45e342a9cc35072ac6b31dcbc2fa33de2569e/polars_runtime_32-1.42.1-cp310-abi3-macosx_10_12_x86_64.whl", hash = "sha256:bbdc26d68ee5b23b0ce227fa0599220aa35b77c826b6b0a6b2d8e7f6c1c36974", size = 53117325, upload-time = "2026-06-30T04:56:37.972Z" },
    { url = "https://files.pythonhosted.org/packages/04/8e/4f8296fcfd1347f1351342fecf13bf2430d7efbae2f1f45964ec7930a99e/polars_runtime_32-1.42.1-cp310-abi3-macosx_11_0_arm64.whl", hash = "sha256:f6c0288be940b607dc4a7476c01e67fb6bbee93f5f1dd42c64970274c71008ba", size = 47446251, upload-time = "2026-06-30T04:56:41.459Z" },
    { url = "https://files.pythonhosted.org/packages/88/2e/0d66a7deadc453b890c3391034ca8ab4b05d0beaebbb92a7d65199fba61b/polars_runtime_32-1.42.1-cp310-abi3-manylinux_2_17_aarch64.manylinux2014_aarch64.whl", hash = "sha256:635d9dbcae2302ae223afb395d5cd220bffa61a53d0ab6871d17c8bc830101cf", size = 51359402, upload-time = "2026-06-30T04:56:44.595Z" },
    { url = "https://files.pythonhosted.org/packages/5d/10/ffb85fa380bc9c9000dc35f40f44954dde49023018501c54faab94b3a39e/polars_runtime_32-1.42.1-cp310-abi3-manylinux_2_17_x86_64.manylinux2014_x86_64.whl", hash = "sha256:d059e8e53cc114ff82f9bd791fd341dc53534a2c745e6f6aa37594c3a93f01fe", size = 57302723, upload-time = "2026-06-30T04:56:47.609Z" },
    { url = "https://files.pythonhosted.org/packages/c2/63/ca50adc62e44224ca5c622a842ba6f35ee87d1d40ef0df7ea2ed6c6edb08/polars_runtime_32-1.42.1-cp310-abi3-musllinux_1_2_aarch64.whl", hash = "sha256:f91f0b13588324905682809d270e1de5f1990c908721c8527657d77a044c9919", size = 51515673, upload-time = "2026-06-30T04:56:50.88Z" },
    { url = "https://files.pythonhosted.org/packages/63/c3/08fbbf38deaa17bf34a601d327cb7451074098673c78b7c1a8538dde9794/polars_runtime_32-1.42.1-cp310-abi3-musllinux_1_2_x86_64.whl", hash = "sha256:8b8bf972d99d48aaaa2582e2bce966a6f43bc815bd8725d15f5cab9e2fb15d17", size = 55217259, upload-time = "2026-06-30T04:56:53.834Z" },
    { url = "https://files.pythonhosted.org/packages/d1/0e/51db89361668fe077a835fc579277f824ba526e7daf7b94d23d25439e0d0/polars_runtime_32-1.42.1-cp310-abi3-win_amd64.whl", hash = "sha256:e9364c26da389a8b7339e4d29e20a3d12af730247e6ed3b7804bddce2477f428", size = 52715432, upload-time = "2026-06-30T04:56:57.109Z" },
    { url = "https://files.pythonhosted.org/packages/76/c5/2fb8592d691bd114de25d9c84300b23541dca7060eac11d7b4bed0327786/polars_runtime_32-1.42.1-cp310-abi3-win_arm64.whl", hash = "sha256:7051226e6b42ffc395a7a9190377cd28649fbfb991b8f85c6271f4e1cfb736fb", size = 46718300, upload-time = "2026-06-30T04:56:59.855Z" },
]

[[package]]
name = "pygments"
version = "2.20.0"
source = { registry = "https://pypi.org/simple" }
sdist = { url = "https://files.pythonhosted.org/packages/c3/b2/bc9c9196916376152d655522fdcebac55e66de6603a76a02bca1b6414f6c/pygments-2.20.0.tar.gz", hash = "sha256:6757cd03768053ff99f3039c1a36d6c0aa0b263438fcab17520b30a303a82b5f", size = 4955991, upload-time = "2026-03-29T13:29:33.898Z" }
wheels = [
    { url = "https://files.pythonhosted.org/packages/f4/7e/a72dd26f3b0f4f2bf1dd8923c85f7ceb43172af56d63c7383eb62b332364/pygments-2.20.0-py3-none-any.whl", hash = "sha256:81a9e26dd42fd28a23a2d169d86d7ac03b46e2f8b59ed4698fb4785f946d0176", size = 1231151, upload-time = "2026-03-29T13:29:30.038Z" },
]

[[package]]
name = "pytest"
version = "9.1.1"
source = { registry = "https://pypi.org/simple" }
dependencies = [
    { name = "colorama", marker = "sys_platform == 'win32'" },
    { name = "iniconfig" },
    { name = "packaging" },
    { name = "pluggy" },
    { name = "pygments" },
]
sdist = { url = "https://files.pythonhosted.org/packages/e4/47/b9efed96c114afcfa3c9d3fe98a76a1d14c74a9e266d397cf6eb64be5e01/pytest-9.1.1.tar.gz", hash = "sha256:1088fbde8f2b49d95a549a195707afa7a76a3ce9bcadc26b6d71f0ffda5fe313", size = 1636369, upload-time = "2026-06-19T10:58:32.857Z" }
wheels = [
    { url = "https://files.pythonhosted.org/packages/24/25/1de2678b631f5a49215c6c96fff41ba892b0a34df68d6d80292b1b48aa7f/pytest-9.1.1-py3-none-any.whl", hash = "sha256:37a86b45efb9a47a61a36449063e8e18d0cab3161329fc099eb21783169c4f0c", size = 386536, upload-time = "2026-06-19T10:58:31.347Z" },
]

[[package]]
name = "sortedcontainers"
version = "2.4.0"
source = { registry = "https://pypi.org/simple" }
sdist = { url = "https://files.pythonhosted.org/packages/e8/c4/ba2f8066cceb6f23394729afe52f3bf7adec04bf9ed2c820b39e19299111/sortedcontainers-2.4.0.tar.gz", hash = "sha256:25caa5a06cc30b6b83d11423433f65d1f9d76c4c6a0c90e3379eaa43b9bfdb88", size = 30594, upload-time = "2021-05-16T22:03:42.897Z" }
wheels = [
    { url = "https://files.pythonhosted.org/packages/32/46/9cb0e58b2deb7f82b84065f37f3bffeb12413f947f9388e4cac22c4621ce/sortedcontainers-2.4.0-py2.py3-none-any.whl", hash = "sha256:a163dcaede0f1c021485e957a39245190e74249897e2ae4b2aa38595db237ee0", size = 29575, upload-time = "2021-05-16T22:03:41.177Z" },
]

[[package]]
name = "ty"
version = "0.0.56"
source = { registry = "https://pypi.org/simple" }
sdist = { url = "https://files.pythonhosted.org/packages/55/07/fb29aea5235b0aa8ecfc4d1cc6ddf9fba8b863d67d96c6d345694d644c43/ty-0.0.56.tar.gz", hash = "sha256:84d114dc3796361c0fc72945016eabd74d46b9ee64f198cb0e485719704681e5", size = 6050123, upload-time = "2026-07-01T16:44:56.036Z" }
wheels = [
    { url = "https://files.pythonhosted.org/packages/dc/48/bce79e7ca5c1cc529d3e0d37ddd1121aea4b68a4f749974ad1cc77161871/ty-0.0.56-py3-none-linux_armv6l.whl", hash = "sha256:186d4a53e15747c947e1ec3d7eec8e345d8e40a1ca10e634c585db52497e87dd", size = 11643066, upload-time = "2026-07-01T16:44:18.374Z" },
    { url = "https://files.pythonhosted.org/packages/80/d1/22555d8a1d719661f10050f3865d877bbf497da908961c75fe22217dd18a/ty-0.0.56-py3-none-macosx_10_12_x86_64.whl", hash = "sha256:aae1a980fd9535da0469b7ba2b2e1b54a907743a5e0f442dd57eee9f5bfd034c", size = 11407487, upload-time = "2026-07-01T16:44:20.956Z" },
    { url = "https://files.pythonhosted.org/packages/cf/2d/b3b7a74ce8bc59ef48843ad80179bb0d9598bbd6cfc0d11d519bdf6b1352/ty-0.0.56-py3-none-macosx_11_0_arm64.whl", hash = "sha256:afd3058c0a6c5f241e814734f133008c93ee805f61c9cf4ce7412b8822b5d9ad", size = 10962270, upload-time = "2026-07-01T16:44:22.959Z" },
    { url = "https://files.pythonhosted.org/packages/64/ac/6c2fd7de0304a8a7218a756af74f7e62a5e8540fdb175e0a869e51042345/ty-0.0.56-py3-none-manylinux_2_17_aarch64.manylinux2014_aarch64.whl", hash = "sha256:058b52f7a823ac13aae3cae30809dd6b5145794b64d8478f9ef38c75d79b4483", size = 11471406, upload-time = "2026-07-01T16:44:25.327Z" },
    { url = "https://files.pythonhosted.org/packages/50/b6/11d861156861c03c7726b74558f9a0e0092661aff83a4fda1279df28c425/ty-0.0.56-py3-none-manylinux_2_17_armv7l.manylinux2014_armv7l.whl", hash = "sha256:2c66e00c1522add1f2bbdd2e45828c953b35c306b7bef03ec9169c75a63699a0", size = 11445612, upload-time = "2026-07-01T16:44:27.531Z" },
    { url = "https://files.pythonhosted.org/packages/fb/ba/09df108582090f3c0770ec4bc8675affed60248f6793a78d909be16211d9/ty-0.0.56-py3-none-manylinux_2_17_i686.manylinux2014_i686.whl", hash = "sha256:40903d71c669a30691b5a5d5728056c7877a1bd6be4f233a38883a8b28cf34d7", size = 12093889, upload-time = "2026-07-01T16:44:29.548Z" },
    { url = "https://files.pythonhosted.org/packages/d7/f7/dbb4b4ccb69cd64c209ae55b1ab788ace8222c2bc1f6845be9e7cbedbf25/ty-0.0.56-py3-none-manylinux_2_17_ppc64le.manylinux2014_ppc64le.whl", hash = "sha256:63fe3947fe0c46c69a7d950e6832ee70a9ec17321fefbff3d2e3c20baf9e5bd0", size = 12666337, upload-time = "2026-07-01T16:44:31.586Z" },
    { url = "https://files.pythonhosted.org/packages/86/e9/73f903fe4a3d9ea02f26f57c1eb07e3b1029ec92b0e8c2364718893440e3/ty-0.0.56-py3-none-manylinux_2_17_s390x.manylinux2014_s390x.whl", hash = "sha256:71a0c1a72f9854532e710e119b6871ffe4542c8a65146f1f65dcd78fecd885b4", size = 12280247, upload-time = "2026-07-01T16:44:33.637Z" },
    { url = "https://files.pythonhosted.org/packages/d6/90/cebd222495832f1a00dcd321ba25f3cab804221a4991b992c2178bec68ee/ty-0.0.56-py3-none-manylinux_2_17_x86_64.manylinux2014_x86_64.whl", hash = "sha256:70d1665596494e24d8ebd198438872b5a56ec3cae5f2bcf6c673be797acc4e3c", size = 11991107, upload-time = "2026-07-01T16:44:36.122Z" },
    { url = "https://files.pythonhosted.org/packages/b7/07/8f7337a07250f42d975cdb6decf47fc5b421e6c7da5e3e7be1e85f63a7e5/ty-0.0.56-py3-none-manylinux_2_31_riscv64.whl", hash = "sha256:778f99e51558afc1dbbe48ee38ab6aae7b31390ed8c1a1ef1499b295e9f1e82f", size = 12298970, upload-time = "2026-07-01T16:44:38.243Z" },
    { url = "https://files.pythonhosted.org/packages/3c/b9/a52cd59034a48f5f18c6b155cc2cc36861d874b6d0af204b12c898024c3d/ty-0.0.56-py3-none-musllinux_1_2_aarch64.whl", hash = "sha256:867bc5708e0066bb4ff6c7db524bd5deea2676c62bfe71d3303138b3be850af0", size = 11425683, upload-time = "2026-07-01T16:44:40.473Z" },
    { url = "https://files.pythonhosted.org/packages/1d/2e/48e42d33357d52eefb695c0c3fcfc96879b73668a7447d1d1e0ad774fedc/ty-0.0.56-py3-none-musllinux_1_2_armv7l.whl", hash = "sha256:a6012f4189c928edb330a37deb9930f982380bd4aa7c4b8e0428eec9651c7551", size = 11469258, upload-time = "2026-07-01T16:44:42.513Z" },
    { url = "https://files.pythonhosted.org/packages/d5/01/ad1b4138be1e3fa97863af3925aa2134f17a593240c35dc38c3429fb5ad1/ty-0.0.56-py3-none-musllinux_1_2_i686.whl", hash = "sha256:8ee83de1a7ff4cc32837ec06134ce391d441bc5b35ecd8d3cfe053f120f3e4c1", size = 11758736, upload-time = "2026-07-01T16:44:44.567Z" },
    { url = "https://files.pythonhosted.org/packages/09/34/9d81967ff240eaa57e9249728ef7b7790747cf6d3c9a98ec86b2cfdcc8ee/ty-0.0.56-py3-none-musllinux_1_2_x86_64.whl", hash = "sha256:62619b3b0e2c6248ef30d3f0e2f2217ae9893040585be07f32324242f197cd6f", size = 12100242, upload-time = "2026-07-01T16:44:46.584Z" },
    { url = "https://files.pythonhosted.org/packages/c3/36/f51d4666d2de6cf33c1f3a1fcc4bb6b70b197dd6ceaa491eef71d78fe8e8/ty-0.0.56-py3-none-win32.whl", hash = "sha256:b30687bb5cd9729d34c889a289edf32770388d9bb05243e534e723fb45e0381b", size = 11093759, upload-time = "2026-07-01T16:44:49.171Z" },
    { url = "https://files.pythonhosted.org/packages/5e/b4/8fb5d4acfa4afb152245b20fa263069a7547bd1f8e4bfca4eda280c897d7/ty-0.0.56-py3-none-win_amd64.whl", hash = "sha256:ad4c8c47b6f4e3f9ed3fc0b1a5d650088d229e17dd8f63c1826d6bbe94cc3235", size = 12100327, upload-time = "2026-07-01T16:44:51.26Z" },
    { url = "https://files.pythonhosted.org/packages/b8/fc/6a183e71edde90d0c35c2303f23f7a45b6891d1a2c45daf7b8f869831e19/ty-0.0.56-py3-none-win_arm64.whl", hash = "sha256:57538f273d444a5f1293fa7860e967178afe3917611fc5eff16b64e1204fe0d6", size = 11538780, upload-time = "2026-07-01T16:44:53.8Z" },
]
